
Microsoft Visual Studio Solution File, Format Version 12.00
# Visual Studio Version 17
VisualStudioVersion = 17.8.34330.188
MinimumVisualStudioVersion = 10.0.40219.1
Project("{FAE04EC0-301F-11D3-BF4B-00C04F79EFBC}") = "YourBeauty", "YourBeauty\YourBeauty.csproj", "{B3ED98B4-8756-473A-B85E-2CDABC520361}"
EndProject
Global
	GlobalSection(SolutionConfigurationPlatforms) = preSolution
		Debug|Any CPU = Debug|Any CPU
		Release|Any CPU = Release|Any CPU
	EndGlobalSection
	GlobalSection(ProjectConfigurationPlatforms) = postSolution
		{B3ED98B4-8756-473A-B85E-2CDABC520361}.Debug|Any CPU.ActiveCfg = Debug|Any CPU
		{B3ED98B4-8756-473A-B85E-2CDABC520361}.Debug|Any CPU.Build.0 = Debug|Any CPU
		{B3ED98B4-8756-473A-B85E-2CDABC520361}.Release|Any CPU.ActiveCfg = Release|Any CPU
		{B3ED98B4-8756-473A-B85E-2CDABC520361}.Release|Any CPU.Build.0 = Release|Any CPU
	EndGlobalSection
	GlobalSection(SolutionProperties) = preSolution
		HideSolutionNode = FALSE
	EndGlobalSection
	GlobalSection(ExtensibilityGlobals) = postSolution
		SolutionGuid = {5882DF5A-00A5-4550-A630-992DB4A00C16}
	EndGlobalSection
EndGlobal
